
Microsoft Visual Studio Solution File, Format Version 12.00
# Visual Studio 15
VisualStudioVersion = 15.0.27004.2008
MinimumVisualStudioVersion = 10.0.40219.1
Project("{FAE04EC0-301F-11D3-BF4B-00C04F79EFBC}") = "2017.01", "2017.01\2017.01.csproj", "{B0CBBA99-CE11-4C8F-94E6-92050FDA43EF}"
EndProject
Project("{9A19103F-16F7-4668-BE54-9A1E7A4F7556}") = "Lib.Infra.Dependences.Injection", "Lib.Infra.Dependences.Injection\Lib.Infra.Dependences.Injection.csproj", "{549863C3-D1B8-499D-9D0C-9E1709684F8C}"
EndProject
Project("{FAE04EC0-301F-11D3-BF4B-00C04F79EFBC}") = "Lib.Infra.Helpers", "Lib.Infra.Helpers\Lib.Infra.Helpers.csproj", "{35F425B0-93A4-4556-96D4-82A059F03CE3}"
EndProject
Project("{FAE04EC0-301F-11D3-BF4B-00C04F79EFBC}") = "Lib.Domain.Core", "Lib.Domain.Core\Lib.Domain.Core.csproj", "{2F776D8A-36F5-4088-A04D-BE4D734AD334}"
EndProject
Project("{FAE04EC0-301F-11D3-BF4B-00C04F79EFBC}") = "Lib.Application.Core", "Lib.Application.Core\Lib.Application.Core.csproj", "{AEAD83B4-BC49-412B-B9D7-A548DD4F8820}"
EndProject
Project("{2150E333-8FDC-42A3-9474-1A3956D46DE8}") = "Solution Items", "Solution Items", "{13977820-3273-40B4-893B-50A0473706F6}"
	ProjectSection(SolutionItems) = preProject
		.gitattributes = .gitattributes
		.gitignore = .gitignore
		README.md = README.md
	EndProjectSection
EndProject
Global
	GlobalSection(SolutionConfigurationPlatforms) = preSolution
		Debug|Any CPU = Debug|Any CPU
		Release|Any CPU = Release|Any CPU
	EndGlobalSection
	GlobalSection(ProjectConfigurationPlatforms) = postSolution
		{B0CBBA99-CE11-4C8F-94E6-92050FDA43EF}.Debug|Any CPU.ActiveCfg = Debug|Any CPU
		{B0CBBA99-CE11-4C8F-94E6-92050FDA43EF}.Debug|Any CPU.Build.0 = Debug|Any CPU
		{B0CBBA99-CE11-4C8F-94E6-92050FDA43EF}.Release|Any CPU.ActiveCfg = Release|Any CPU
		{B0CBBA99-CE11-4C8F-94E6-92050FDA43EF}.Release|Any CPU.Build.0 = Release|Any CPU
		{549863C3-D1B8-499D-9D0C-9E1709684F8C}.Debug|Any CPU.ActiveCfg = Debug|Any CPU
		{549863C3-D1B8-499D-9D0C-9E1709684F8C}.Debug|Any CPU.Build.0 = Debug|Any CPU
		{549863C3-D1B8-499D-9D0C-9E1709684F8C}.Release|Any CPU.ActiveCfg = Release|Any CPU
		{549863C3-D1B8-499D-9D0C-9E1709684F8C}.Release|Any CPU.Build.0 = Release|Any CPU
		{35F425B0-93A4-4556-96D4-82A059F03CE3}.Debug|Any CPU.ActiveCfg = Debug|Any CPU
		{35F425B0-93A4-4556-96D4-82A059F03CE3}.Debug|Any CPU.Build.0 = Debug|Any CPU
		{35F425B0-93A4-4556-96D4-82A059F03CE3}.Release|Any CPU.ActiveCfg = Release|Any CPU
		{35F425B0-93A4-4556-96D4-82A059F03CE3}.Release|Any CPU.Build.0 = Release|Any CPU
		{2F776D8A-36F5-4088-A04D-BE4D734AD334}.Debug|Any CPU.ActiveCfg = Debug|Any CPU
		{2F776D8A-36F5-4088-A04D-BE4D734AD334}.Debug|Any CPU.Build.0 = Debug|Any CPU
		{2F776D8A-36F5-4088-A04D-BE4D734AD334}.Release|Any CPU.ActiveCfg = Release|Any CPU
		{2F776D8A-36F5-4088-A04D-BE4D734AD334}.Release|Any CPU.Build.0 = Release|Any CPU
		{AEAD83B4-BC49-412B-B9D7-A548DD4F8820}.Debug|Any CPU.ActiveCfg = Debug|Any CPU
		{AEAD83B4-BC49-412B-B9D7-A548DD4F8820}.Debug|Any CPU.Build.0 = Debug|Any CPU
		{AEAD83B4-BC49-412B-B9D7-A548DD4F8820}.Release|Any CPU.ActiveCfg = Release|Any CPU
		{AEAD83B4-BC49-412B-B9D7-A548DD4F8820}.Release|Any CPU.Build.0 = Release|Any CPU
	EndGlobalSection
	GlobalSection(SolutionProperties) = preSolution
		HideSolutionNode = FALSE
	EndGlobalSection
	GlobalSection(ExtensibilityGlobals) = postSolution
		SolutionGuid = {D75D0B96-1E88-4CDA-9D84-E53C903153B8}
	EndGlobalSection
EndGlobal
